
Microsoft Visual Studio Solution File, Format Version 12.00
# Visual Studio Version 17
VisualStudioVersion = 17.2.32616.157
MinimumVisualStudioVersion = 10.0.40219.1
Project("{9A19103F-16F7-4668-BE54-9A1E7A4F7556}") = "SmartBill.DataAccessLayer", "SmartBill.DataAccessLayer\SmartBill.DataAccessLayer.csproj", "{3CB02019-1704-4605-86CE-1375506B7A0E}"
EndProject
Project("{9A19103F-16F7-4668-BE54-9A1E7A4F7556}") = "SmartBill.BusinessLogicLayer", "SmartBill.BusinessLogicLayer\SmartBill.BusinessLogicLayer.csproj", "{D7E87B70-405B-421F-AFFB-C4D42BD692CF}"
EndProject
Project("{9A19103F-16F7-4668-BE54-9A1E7A4F7556}") = "SmartBill.Entities", "SmartBill.Entities\SmartBill.Entities.csproj", "{D28AED1E-B04F-4ABD-A7DB-F6813B0FA625}"
EndProject
Project("{9A19103F-16F7-4668-BE54-9A1E7A4F7556}") = "SmartBill.UI", "SmartBill.UI\SmartBill.UI.csproj", "{57E48C33-903C-4060-8098-7F6EB73473F2}"
EndProject
Project("{FAE04EC0-301F-11D3-BF4B-00C04F79EFBC}") = "SmartBill.CP", "SmartBill.CP\SmartBill.CP.csproj", "{9E6F4966-C051-4ABE-B394-6765EBD33D0E}"
EndProject
Global
	GlobalSection(SolutionConfigurationPlatforms) = preSolution
		Debug|Any CPU = Debug|Any CPU
		Release|Any CPU = Release|Any CPU
	EndGlobalSection
	GlobalSection(ProjectConfigurationPlatforms) = postSolution
		{3CB02019-1704-4605-86CE-1375506B7A0E}.Debug|Any CPU.ActiveCfg = Debug|Any CPU
		{3CB02019-1704-4605-86CE-1375506B7A0E}.Debug|Any CPU.Build.0 = Debug|Any CPU
		{3CB02019-1704-4605-86CE-1375506B7A0E}.Release|Any CPU.ActiveCfg = Release|Any CPU
		{3CB02019-1704-4605-86CE-1375506B7A0E}.Release|Any CPU.Build.0 = Release|Any CPU
		{D7E87B70-405B-421F-AFFB-C4D42BD692CF}.Debug|Any CPU.ActiveCfg = Debug|Any CPU
		{D7E87B70-405B-421F-AFFB-C4D42BD692CF}.Debug|Any CPU.Build.0 = Debug|Any CPU
		{D7E87B70-405B-421F-AFFB-C4D42BD692CF}.Release|Any CPU.ActiveCfg = Release|Any CPU
		{D7E87B70-405B-421F-AFFB-C4D42BD692CF}.Release|Any CPU.Build.0 = Release|Any CPU
		{D28AED1E-B04F-4ABD-A7DB-F6813B0FA625}.Debug|Any CPU.ActiveCfg = Debug|Any CPU
		{D28AED1E-B04F-4ABD-A7DB-F6813B0FA625}.Debug|Any CPU.Build.0 = Debug|Any CPU
		{D28AED1E-B04F-4ABD-A7DB-F6813B0FA625}.Release|Any CPU.ActiveCfg = Release|Any CPU
		{D28AED1E-B04F-4ABD-A7DB-F6813B0FA625}.Release|Any CPU.Build.0 = Release|Any CPU
		{57E48C33-903C-4060-8098-7F6EB73473F2}.Debug|Any CPU.ActiveCfg = Debug|Any CPU
		{57E48C33-903C-4060-8098-7F6EB73473F2}.Debug|Any CPU.Build.0 = Debug|Any CPU
		{57E48C33-903C-4060-8098-7F6EB73473F2}.Release|Any CPU.ActiveCfg = Release|Any CPU
		{57E48C33-903C-4060-8098-7F6EB73473F2}.Release|Any CPU.Build.0 = Release|Any CPU
		{9E6F4966-C051-4ABE-B394-6765EBD33D0E}.Debug|Any CPU.ActiveCfg = Debug|Any CPU
		{9E6F4966-C051-4ABE-B394-6765EBD33D0E}.Debug|Any CPU.Build.0 = Debug|Any CPU
		{9E6F4966-C051-4ABE-B394-6765EBD33D0E}.Release|Any CPU.ActiveCfg = Release|Any CPU
		{9E6F4966-C051-4ABE-B394-6765EBD33D0E}.Release|Any CPU.Build.0 = Release|Any CPU
	EndGlobalSection
	GlobalSection(SolutionProperties) = preSolution
		HideSolutionNode = FALSE
	EndGlobalSection
	GlobalSection(ExtensibilityGlobals) = postSolution
		SolutionGuid = {88B83EF9-9785-4F6F-A584-059113933A4E}
	EndGlobalSection
EndGlobal
